// !$*UTF8*$!
{
	archiveVersion = 1;
	classes = {
	};
	objectVersion = 46;
	objects = {

/* Begin PBXBuildFile section */
		07D1B1B480D62EFD9BCEE9A6 /* Pods_Camera.framework in Frameworks */ = {isa = PBXBuildFile; fileRef = 41CF91BFC8FDA48DF79606AE /* Pods_Camera.framework */; };
		E60623511BD525E100F724FC /* main.m in Sources */ = {isa = PBXBuildFile; fileRef = E60623501BD525E100F724FC /* main.m */; };
		E60623541BD525E100F724FC /* AppDelegate.m in Sources */ = {isa = PBXBuildFile; fileRef = E60623531BD525E100F724FC /* AppDelegate.m */; };
		E606235A1BD525E100F724FC /* Main.storyboard in Resources */ = {isa = PBXBuildFile; fileRef = E60623581BD525E100F724FC /* Main.storyboard */; };
		E606235C1BD525E100F724FC /* Assets.xcassets in Resources */ = {isa = PBXBuildFile; fileRef = E606235B1BD525E100F724FC /* Assets.xcassets */; };
		E606235F1BD525E100F724FC /* LaunchScreen.storyboard in Resources */ = {isa = PBXBuildFile; fileRef = E606235D1BD525E100F724FC /* LaunchScreen.storyboard */; };
		E6406F261BD95E8F0051B755 /* User.storyboard in Resources */ = {isa = PBXBuildFile; fileRef = E6406F251BD95E8F0051B755 /* User.storyboard */; };
		E691C8781BD56C6100E8ADE2 /* Podfile in Resources */ = {isa = PBXBuildFile; fileRef = E691C8771BD56C6100E8ADE2 /* Podfile */; };
		E691C87E1BD56E9F00E8ADE2 /* SelfieTableViewController.m in Sources */ = {isa = PBXBuildFile; fileRef = E691C87D1BD56E9F00E8ADE2 /* SelfieTableViewController.m */; };
		E691C8811BD56EE400E8ADE2 /* SelfieDetailViewController.m in Sources */ = {isa = PBXBuildFile; fileRef = E691C8801BD56EE400E8ADE2 /* SelfieDetailViewController.m */; };
		E6A64AA71BD5703C00E3F97C /* SelfieTableViewCell.m in Sources */ = {isa = PBXBuildFile; fileRef = E6A64AA61BD5703C00E3F97C /* SelfieTableViewCell.m */; };
		E6A64AAA1BD5780300E3F97C /* CaptureViewController.m in Sources */ = {isa = PBXBuildFile; fileRef = E6A64AA91BD5780300E3F97C /* CaptureViewController.m */; };
		E6A64AAD1BD5782200E3F97C /* FilterViewController.m in Sources */ = {isa = PBXBuildFile; fileRef = E6A64AAC1BD5782200E3F97C /* FilterViewController.m */; };
		E6A64AB01BD5782F00E3F97C /* SubmitViewController.m in Sources */ = {isa = PBXBuildFile; fileRef = E6A64AAF1BD5782F00E3F97C /* SubmitViewController.m */; };
		E6A64AB31BD5788B00E3F97C /* FilterDataSource.m in Sources */ = {isa = PBXBuildFile; fileRef = E6A64AB21BD5788B00E3F97C /* FilterDataSource.m */; };
		E6A64AB81BD579A400E3F97C /* FilterCollectionViewCell.m in Sources */ = {isa = PBXBuildFile; fileRef = E6A64AB71BD579A400E3F97C /* FilterCollectionViewCell.m */; };
		E6E9F04F1BD57D5400DC536C /* backup.storyboard in Resources */ = {isa = PBXBuildFile; fileRef = E6E9F04E1BD57D5400DC536C /* backup.storyboard */; };
		E6E9F0531BD5806000DC536C /* Create.storyboard in Resources */ = {isa = PBXBuildFile; fileRef = E6E9F0521BD5806000DC536C /* Create.storyboard */; };
		E6E9F0561BD5809900DC536C /* ChoiceViewController.m in Sources */ = {isa = PBXBuildFile; fileRef = E6E9F0551BD5809900DC536C /* ChoiceViewController.m */; };
		E6E9F0591BD580C200DC536C /* LoginViewController.m in Sources */ = {isa = PBXBuildFile; fileRef = E6E9F0581BD580C200DC536C /* LoginViewController.m */; };
		E6E9F05C1BD5810000DC536C /* RegisterViewController.m in Sources */ = {isa = PBXBuildFile; fileRef = E6E9F05B1BD5810000DC536C /* RegisterViewController.m */; };
		E6E9F05F1BD5817600DC536C /* AvatarViewController.m in Sources */ = {isa = PBXBuildFile; fileRef = E6E9F05E1BD5817600DC536C /* AvatarViewController.m */; };
/* End PBXBuildFile section */

/* Begin PBXFileReference section */
		150963A5D5E123EA93FC3DAE /* Pods-Camera.debug.xcconfig */ = {isa = PBXFileReference; includeInIndex = 1; lastKnownFileType = text.xcconfig; name = "Pods-Camera.debug.xcconfig"; path = "Pods/Target Support Files/Pods-Camera/Pods-Camera.debug.xcconfig"; sourceTree = "<group>"; };
		41CF91BFC8FDA48DF79606AE /* Pods_Camera.framework */ = {isa = PBXFileReference; explicitFileType = wrapper.framework; includeInIndex = 0; path = Pods_Camera.framework; sourceTree = BUILT_PRODUCTS_DIR; };
		9879015A4057801471C91C32 /* Pods-Camera.release.xcconfig */ = {isa = PBXFileReference; includeInIndex = 1; lastKnownFileType = text.xcconfig; name = "Pods-Camera.release.xcconfig"; path = "Pods/Target Support Files/Pods-Camera/Pods-Camera.release.xcconfig"; sourceTree = "<group>"; };
		E606234C1BD525E100F724FC /* Camera.app */ = {isa = PBXFileReference; explicitFileType = wrapper.application; includeInIndex = 0; path = Camera.app; sourceTree = BUILT_PRODUCTS_DIR; };
		E60623501BD525E100F724FC /* main.m */ = {isa = PBXFileReference; lastKnownFileType = sourcecode.c.objc; path = main.m; sourceTree = "<group>"; };
		E60623521BD525E100F724FC /* AppDelegate.h */ = {isa = PBXFileReference; lastKnownFileType = sourcecode.c.h; path = AppDelegate.h; sourceTree = "<group>"; };
		E60623531BD525E100F724FC /* AppDelegate.m */ = {isa = PBXFileReference; lastKnownFileType = sourcecode.c.objc; path = AppDelegate.m; sourceTree = "<group>"; };
		E60623591BD525E100F724FC /* Base */ = {isa = PBXFileReference; lastKnownFileType = file.storyboard; name = Base; path = Base.lproj/Main.storyboard; sourceTree = "<group>"; };
		E606235B1BD525E100F724FC /* Assets.xcassets */ = {isa = PBXFileReference; lastKnownFileType = folder.assetcatalog; path = Assets.xcassets; sourceTree = "<group>"; };
		E606235E1BD525E100F724FC /* Base */ = {isa = PBXFileReference; lastKnownFileType = file.storyboard; name = Base; path = Base.lproj/LaunchScreen.storyboard; sourceTree = "<group>"; };
		E60623601BD525E100F724FC /* Info.plist */ = {isa = PBXFileReference; lastKnownFileType = text.plist.xml; path = Info.plist; sourceTree = "<group>"; };
		E63D067B1BD811120078CC7B /* ImageEditing.h */ = {isa = PBXFileReference; fileEncoding = 4; lastKnownFileType = sourcecode.c.h; path = ImageEditing.h; sourceTree = "<group>"; };
		E6406F251BD95E8F0051B755 /* User.storyboard */ = {isa = PBXFileReference; fileEncoding = 4; lastKnownFileType = file.storyboard; path = User.storyboard; sourceTree = "<group>"; };
		E6834A431BD83CE3008B0082 /* TODO */ = {isa = PBXFileReference; lastKnownFileType = text; path = TODO; sourceTree = "<group>"; };
		E691C8771BD56C6100E8ADE2 /* Podfile */ = {isa = PBXFileReference; fileEncoding = 4; lastKnownFileType = text; path = Podfile; sourceTree = SOURCE_ROOT; xcLanguageSpecificationIdentifier = xcode.lang.ruby; };
		E691C87C1BD56E9F00E8ADE2 /* SelfieTableViewController.h */ = {isa = PBXFileReference; fileEncoding = 4; lastKnownFileType = sourcecode.c.h; path = SelfieTableViewController.h; sourceTree = "<group>"; };
		E691C87D1BD56E9F00E8ADE2 /* SelfieTableViewController.m */ = {isa = PBXFileReference; fileEncoding = 4; lastKnownFileType = sourcecode.c.objc; path = SelfieTableViewController.m; sourceTree = "<group>"; };
		E691C87F1BD56EE400E8ADE2 /* SelfieDetailViewController.h */ = {isa = PBXFileReference; fileEncoding = 4; lastKnownFileType = sourcecode.c.h; name = SelfieDetailViewController.h; path = ../SelfieDetailViewController.h; sourceTree = "<group>"; };
		E691C8801BD56EE400E8ADE2 /* SelfieDetailViewController.m */ = {isa = PBXFileReference; fileEncoding = 4; lastKnownFileType = sourcecode.c.objc; name = SelfieDetailViewController.m; path = ../SelfieDetailViewController.m; sourceTree = "<group>"; };
		E6A64AA51BD5703C00E3F97C /* SelfieTableViewCell.h */ = {isa = PBXFileReference; fileEncoding = 4; lastKnownFileType = sourcecode.c.h; path = SelfieTableViewCell.h; sourceTree = "<group>"; };
		E6A64AA61BD5703C00E3F97C /* SelfieTableViewCell.m */ = {isa = PBXFileReference; fileEncoding = 4; lastKnownFileType = sourcecode.c.objc; path = SelfieTableViewCell.m; sourceTree = "<group>"; };
		E6A64AA81BD5780300E3F97C /* CaptureViewController.h */ = {isa = PBXFileReference; fileEncoding = 4; lastKnownFileType = sourcecode.c.h; path = CaptureViewController.h; sourceTree = "<group>"; };
		E6A64AA91BD5780300E3F97C /* CaptureViewController.m */ = {isa = PBXFileReference; fileEncoding = 4; lastKnownFileType = sourcecode.c.objc; path = CaptureViewController.m; sourceTree = "<group>"; };
		E6A64AAB1BD5782200E3F97C /* FilterViewController.h */ = {isa = PBXFileReference; fileEncoding = 4; lastKnownFileType = sourcecode.c.h; path = FilterViewController.h; sourceTree = "<group>"; };
		E6A64AAC1BD5782200E3F97C /* FilterViewController.m */ = {isa = PBXFileReference; fileEncoding = 4; lastKnownFileType = sourcecode.c.objc; path = FilterViewController.m; sourceTree = "<group>"; };
		E6A64AAE1BD5782F00E3F97C /* SubmitViewController.h */ = {isa = PBXFileReference; fileEncoding = 4; lastKnownFileType = sourcecode.c.h; path = SubmitViewController.h; sourceTree = "<group>"; };
		E6A64AAF1BD5782F00E3F97C /* SubmitViewController.m */ = {isa = PBXFileReference; fileEncoding = 4; lastKnownFileType = sourcecode.c.objc; path = SubmitViewController.m; sourceTree = "<group>"; };
		E6A64AB11BD5788B00E3F97C /* FilterDataSource.h */ = {isa = PBXFileReference; fileEncoding = 4; lastKnownFileType = sourcecode.c.h; path = FilterDataSource.h; sourceTree = "<group>"; };
		E6A64AB21BD5788B00E3F97C /* FilterDataSource.m */ = {isa = PBXFileReference; fileEncoding = 4; lastKnownFileType = sourcecode.c.objc; path = FilterDataSource.m; sourceTree = "<group>"; };
		E6A64AB61BD579A400E3F97C /* FilterCollectionViewCell.h */ = {isa = PBXFileReference; fileEncoding = 4; lastKnownFileType = sourcecode.c.h; path = FilterCollectionViewCell.h; sourceTree = "<group>"; };
		E6A64AB71BD579A400E3F97C /* FilterCollectionViewCell.m */ = {isa = PBXFileReference; fileEncoding = 4; lastKnownFileType = sourcecode.c.objc; path = FilterCollectionViewCell.m; sourceTree = "<group>"; };
		E6E9F04E1BD57D5400DC536C /* backup.storyboard */ = {isa = PBXFileReference; fileEncoding = 4; lastKnownFileType = file.storyboard; path = backup.storyboard; sourceTree = "<group>"; };
		E6E9F0521BD5806000DC536C /* Create.storyboard */ = {isa = PBXFileReference; fileEncoding = 4; lastKnownFileType = file.storyboard; path = Create.storyboard; sourceTree = "<group>"; };
		E6E9F0541BD5809900DC536C /* ChoiceViewController.h */ = {isa = PBXFileReference; fileEncoding = 4; lastKnownFileType = sourcecode.c.h; path = ChoiceViewController.h; sourceTree = "<group>"; };
		E6E9F0551BD5809900DC536C /* ChoiceViewController.m */ = {isa = PBXFileReference; fileEncoding = 4; lastKnownFileType = sourcecode.c.objc; path = ChoiceViewController.m; sourceTree = "<group>"; };
		E6E9F0571BD580C200DC536C /* LoginViewController.h */ = {isa = PBXFileReference; fileEncoding = 4; lastKnownFileType = sourcecode.c.h; path = LoginViewController.h; sourceTree = "<group>"; };
		E6E9F0581BD580C200DC536C /* LoginViewController.m */ = {isa = PBXFileReference; fileEncoding = 4; lastKnownFileType = sourcecode.c.objc; path = LoginViewController.m; sourceTree = "<group>"; };
		E6E9F05A1BD5810000DC536C /* RegisterViewController.h */ = {isa = PBXFileReference; fileEncoding = 4; lastKnownFileType = sourcecode.c.h; path = RegisterViewController.h; sourceTree = "<group>"; };
		E6E9F05B1BD5810000DC536C /* RegisterViewController.m */ = {isa = PBXFileReference; fileEncoding = 4; lastKnownFileType = sourcecode.c.objc; path = RegisterViewController.m; sourceTree = "<group>"; };
		E6E9F05D1BD5817600DC536C /* AvatarViewController.h */ = {isa = PBXFileReference; fileEncoding = 4; lastKnownFileType = sourcecode.c.h; path = AvatarViewController.h; sourceTree = "<group>"; };
		E6E9F05E1BD5817600DC536C /* AvatarViewController.m */ = {isa = PBXFileReference; fileEncoding = 4; lastKnownFileType = sourcecode.c.objc; path = AvatarViewController.m; sourceTree = "<group>"; };
/* End PBXFileReference section */

/* Begin PBXFrameworksBuildPhase section */
		E60623491BD525E100F724FC /* Frameworks */ = {
			isa = PBXFrameworksBuildPhase;
			buildActionMask = 2147483647;
			files = (
				07D1B1B480D62EFD9BCEE9A6 /* Pods_Camera.framework in Frameworks */,
			);
			runOnlyForDeploymentPostprocessing = 0;
		};
/* End PBXFrameworksBuildPhase section */

/* Begin PBXGroup section */
		279046B9A891B96AF268E9C4 /* Pods */ = {
			isa = PBXGroup;
			children = (
				150963A5D5E123EA93FC3DAE /* Pods-Camera.debug.xcconfig */,
				9879015A4057801471C91C32 /* Pods-Camera.release.xcconfig */,
			);
			name = Pods;
			sourceTree = "<group>";
		};
		76915D84C02C93D1203262F4 /* Frameworks */ = {
			isa = PBXGroup;
			children = (
				41CF91BFC8FDA48DF79606AE /* Pods_Camera.framework */,
			);
			name = Frameworks;
			sourceTree = "<group>";
		};
		E60623431BD525E100F724FC = {
			isa = PBXGroup;
			children = (
				E606234E1BD525E100F724FC /* Camera */,
				E606234D1BD525E100F724FC /* Products */,
				279046B9A891B96AF268E9C4 /* Pods */,
				76915D84C02C93D1203262F4 /* Frameworks */,
			);
			sourceTree = "<group>";
		};
		E606234D1BD525E100F724FC /* Products */ = {
			isa = PBXGroup;
			children = (
				E606234C1BD525E100F724FC /* Camera.app */,
			);
			name = Products;
			sourceTree = "<group>";
		};
		E606234E1BD525E100F724FC /* Camera */ = {
			isa = PBXGroup;
			children = (
				E60623581BD525E100F724FC /* Main.storyboard */,
				E691C8791BD56CC100E8ADE2 /* Main Flow */,
				E6E9F0521BD5806000DC536C /* Create.storyboard */,
				E691C87A1BD56CC800E8ADE2 /* Create Flow */,
				E691C87B1BD56CD100E8ADE2 /* User Flow */,
				E606234F1BD525E100F724FC /* Supporting Files */,
				E6834A431BD83CE3008B0082 /* TODO */,
			);
			path = Camera;
			sourceTree = "<group>";
		};
		E606234F1BD525E100F724FC /* Supporting Files */ = {
			isa = PBXGroup;
			children = (
				E691C8771BD56C6100E8ADE2 /* Podfile */,
				E606235B1BD525E100F724FC /* Assets.xcassets */,
				E60623601BD525E100F724FC /* Info.plist */,
				E606235D1BD525E100F724FC /* LaunchScreen.storyboard */,
				E60623521BD525E100F724FC /* AppDelegate.h */,
				E60623531BD525E100F724FC /* AppDelegate.m */,
				E60623501BD525E100F724FC /* main.m */,
			);
			name = "Supporting Files";
			sourceTree = "<group>";
		};
		E691C8791BD56CC100E8ADE2 /* Main Flow */ = {
			isa = PBXGroup;
			children = (
				E691C87C1BD56E9F00E8ADE2 /* SelfieTableViewController.h */,
				E691C87D1BD56E9F00E8ADE2 /* SelfieTableViewController.m */,
				E6A64AB41BD578AE00E3F97C /* TableView */,
				E691C87F1BD56EE400E8ADE2 /* SelfieDetailViewController.h */,
				E691C8801BD56EE400E8ADE2 /* SelfieDetailViewController.m */,
			);
			name = "Main Flow";
			sourceTree = "<group>";
		};
		E691C87A1BD56CC800E8ADE2 /* Create Flow */ = {
			isa = PBXGroup;
			children = (
				E6A64AA81BD5780300E3F97C /* CaptureViewController.h */,
				E6A64AA91BD5780300E3F97C /* CaptureViewController.m */,
				E6A64AAB1BD5782200E3F97C /* FilterViewController.h */,
				E6A64AAC1BD5782200E3F97C /* FilterViewController.m */,
				E63D067B1BD811120078CC7B /* ImageEditing.h */,
				E6A64AB61BD579A400E3F97C /* FilterCollectionViewCell.h */,
				E6A64AB71BD579A400E3F97C /* FilterCollectionViewCell.m */,
				E6A64AB51BD578F100E3F97C /* FilterView */,
				E6A64AAE1BD5782F00E3F97C /* SubmitViewController.h */,
				E6A64AAF1BD5782F00E3F97C /* SubmitViewController.m */,
				E6E9F04E1BD57D5400DC536C /* backup.storyboard */,
				E6406F251BD95E8F0051B755 /* User.storyboard */,
			);
			name = "Create Flow";
			sourceTree = "<group>";
		};
		E691C87B1BD56CD100E8ADE2 /* User Flow */ = {
			isa = PBXGroup;
			children = (
				E6E9F0541BD5809900DC536C /* ChoiceViewController.h */,
				E6E9F0551BD5809900DC536C /* ChoiceViewController.m */,
				E6E9F0571BD580C200DC536C /* LoginViewController.h */,
				E6E9F05A1BD5810000DC536C /* RegisterViewController.h */,
				E6E9F05B1BD5810000DC536C /* RegisterViewController.m */,
				E6E9F0581BD580C200DC536C /* LoginViewController.m */,
				E6E9F05D1BD5817600DC536C /* AvatarViewController.h */,
				E6E9F05E1BD5817600DC536C /* AvatarViewController.m */,
			);
			name = "User Flow";
			sourceTree = "<group>";
		};
		E6A64AB41BD578AE00E3F97C /* TableView */ = {
			isa = PBXGroup;
			children = (
				E6A64AA51BD5703C00E3F97C /* SelfieTableViewCell.h */,
				E6A64AA61BD5703C00E3F97C /* SelfieTableViewCell.m */,
			);
			name = TableView;
			sourceTree = "<group>";
		};
		E6A64AB51BD578F100E3F97C /* FilterView */ = {
			isa = PBXGroup;
			children = (
				E6A64AB11BD5788B00E3F97C /* FilterDataSource.h */,
				E6A64AB21BD5788B00E3F97C /* FilterDataSource.m */,
			);
			name = FilterView;
			sourceTree = "<group>";
		};
/* End PBXGroup section */

/* Begin PBXNativeTarget section */
		E606234B1BD525E100F724FC /* Camera */ = {
			isa = PBXNativeTarget;
			buildConfigurationList = E60623631BD525E100F724FC /* Build configuration list for PBXNativeTarget "Camera" */;
			buildPhases = (
				2915010EBB9ABCA1916BED27 /* Check Pods Manifest.lock */,
				E60623481BD525E100F724FC /* Sources */,
				E60623491BD525E100F724FC /* Frameworks */,
				E606234A1BD525E100F724FC /* Resources */,
				A46B41E9B104030BDF00203A /* Embed Pods Frameworks */,
				94417AAEC20E701266DD7723 /* Copy Pods Resources */,
			);
			buildRules = (
			);
			dependencies = (
			);
			name = Camera;
			productName = Camera;
			productReference = E606234C1BD525E100F724FC /* Camera.app */;
			productType = "com.apple.product-type.application";
		};
/* End PBXNativeTarget section */

/* Begin PBXProject section */
		E60623441BD525E100F724FC /* Project object */ = {
			isa = PBXProject;
			attributes = {
				LastUpgradeCheck = 0710;
				ORGANIZATIONNAME = "Mac Bellingrath";
				TargetAttributes = {
					E606234B1BD525E100F724FC = {
						CreatedOnToolsVersion = 7.1;
					};
				};
			};
			buildConfigurationList = E60623471BD525E100F724FC /* Build configuration list for PBXProject "Camera" */;
			compatibilityVersion = "Xcode 3.2";
			developmentRegion = English;
			hasScannedForEncodings = 0;
			knownRegions = (
				en,
				Base,
			);
			mainGroup = E60623431BD525E100F724FC;
			productRefGroup = E606234D1BD525E100F724FC /* Products */;
			projectDirPath = "";
			projectRoot = "";
			targets = (
				E606234B1BD525E100F724FC /* Camera */,
			);
		};
/* End PBXProject section */

/* Begin PBXResourcesBuildPhase section */
		E606234A1BD525E100F724FC /* Resources */ = {
			isa = PBXResourcesBuildPhase;
			buildActionMask = 2147483647;
			files = (
				E691C8781BD56C6100E8ADE2 /* Podfile in Resources */,
				E606235F1BD525E100F724FC /* LaunchScreen.storyboard in Resources */,
				E6406F261BD95E8F0051B755 /* User.storyboard in Resources */,
				E606235C1BD525E100F724FC /* Assets.xcassets in Resources */,
				E6E9F04F1BD57D5400DC536C /* backup.storyboard in Resources */,
				E6E9F0531BD5806000DC536C /* Create.storyboard in Resources */,
				E606235A1BD525E100F724FC /* Main.storyboard in Resources */,
			);
			runOnlyForDeploymentPostprocessing = 0;
		};
/* End PBXResourcesBuildPhase section */

/* Begin PBXShellScriptBuildPhase section */
		2915010EBB9ABCA1916BED27 /* Check Pods Manifest.lock */ = {
			isa = PBXShellScriptBuildPhase;
			buildActionMask = 2147483647;
			files = (
			);
			inputPaths = (
			);
			name = "Check Pods Manifest.lock";
			outputPaths = (
			);
			runOnlyForDeploymentPostprocessing = 0;
			shellPath = /bin/sh;
			shellScript = "diff \"${PODS_ROOT}/../Podfile.lock\" \"${PODS_ROOT}/Manifest.lock\" > /dev/null\nif [[ $? != 0 ]] ; then\n    cat << EOM\nerror: The sandbox is not in sync with the Podfile.lock. Run 'pod install' or update your CocoaPods installation.\nEOM\n    exit 1\nfi\n";
			showEnvVarsInLog = 0;
		};
		94417AAEC20E701266DD7723 /* Copy Pods Resources */ = {
			isa = PBXShellScriptBuildPhase;
			buildActionMask = 2147483647;
			files = (
			);
			inputPaths = (
			);
			name = "Copy Pods Resources";
			outputPaths = (
			);
			runOnlyForDeploymentPostprocessing = 0;
			shellPath = /bin/sh;
			shellScript = "\"${SRCROOT}/Pods/Target Support Files/Pods-Camera/Pods-Camera-resources.sh\"\n";
			showEnvVarsInLog = 0;
		};
		A46B41E9B104030BDF00203A /* Embed Pods Frameworks */ = {
			isa = PBXShellScriptBuildPhase;
			buildActionMask = 2147483647;
			files = (
			);
			inputPaths = (
			);
			name = "Embed Pods Frameworks";
			outputPaths = (
			);
			runOnlyForDeploymentPostprocessing = 0;
			shellPath = /bin/sh;
			shellScript = "\"${SRCROOT}/Pods/Target Support Files/Pods-Camera/Pods-Camera-frameworks.sh\"\n";
			showEnvVarsInLog = 0;
		};
/* End PBXShellScriptBuildPhase section */

/* Begin PBXSourcesBuildPhase section */
		E60623481BD525E100F724FC /* Sources */ = {
			isa = PBXSourcesBuildPhase;
			buildActionMask = 2147483647;
			files = (
				E6A64AB31BD5788B00E3F97C /* FilterDataSource.m in Sources */,
				E691C87E1BD56E9F00E8ADE2 /* SelfieTableViewController.m in Sources */,
				E691C8811BD56EE400E8ADE2 /* SelfieDetailViewController.m in Sources */,
				E6A64AA71BD5703C00E3F97C /* SelfieTableViewCell.m in Sources */,
				E60623541BD525E100F724FC /* AppDelegate.m in Sources */,
				E6A64AB01BD5782F00E3F97C /* SubmitViewController.m in Sources */,
				E6A64AB81BD579A400E3F97C /* FilterCollectionViewCell.m in Sources */,
				E6A64AAD1BD5782200E3F97C /* FilterViewController.m in Sources */,
				E6E9F0591BD580C200DC536C /* LoginViewController.m in Sources */,
				E6E9F05C1BD5810000DC536C /* RegisterViewController.m in Sources */,
				E60623511BD525E100F724FC /* main.m in Sources */,
				E6A64AAA1BD5780300E3F97C /* CaptureViewController.m in Sources */,
				E6E9F0561BD5809900DC536C /* ChoiceViewController.m in Sources */,
				E6E9F05F1BD5817600DC536C /* AvatarViewController.m in Sources */,
			);
			runOnlyForDeploymentPostprocessing = 0;
		};
/* End PBXSourcesBuildPhase section */

/* Begin PBXVariantGroup section */
		E60623581BD525E100F724FC /* Main.storyboard */ = {
			isa = PBXVariantGroup;
			children = (
				E60623591BD525E100F724FC /* Base */,
			);
			name = Main.storyboard;
			sourceTree = "<group>";
		};
		E606235D1BD525E100F724FC /* LaunchScreen.storyboard */ = {
			isa = PBXVariantGroup;
			children = (
				E606235E1BD525E100F724FC /* Base */,
			);
			name = LaunchScreen.storyboard;
			sourceTree = "<group>";
		};
/* End PBXVariantGroup section */

/* Begin XCBuildConfiguration section */
		E60623611BD525E100F724FC /* Debug */ = {
			isa = XCBuildConfiguration;
			buildSettings = {
				ALWAYS_SEARCH_USER_PATHS = NO;
				CLANG_CXX_LANGUAGE_STANDARD = "gnu++0x";
				CLANG_CXX_LIBRARY = "libc++";
				CLANG_ENABLE_MODULES = YES;
				CLANG_ENABLE_OBJC_ARC = YES;
				CLANG_WARN_BOOL_CONVERSION = YES;
				CLANG_WARN_CONSTANT_CONVERSION = YES;
				CLANG_WARN_DIRECT_OBJC_ISA_USAGE = YES_ERROR;
				CLANG_WARN_EMPTY_BODY = YES;
				CLANG_WARN_ENUM_CONVERSION = YES;
				CLANG_WARN_INT_CONVERSION = YES;
				CLANG_WARN_OBJC_ROOT_CLASS = YES_ERROR;
				CLANG_WARN_UNREACHABLE_CODE = YES;
				CLANG_WARN__DUPLICATE_METHOD_MATCH = YES;
				"CODE_SIGN_IDENTITY[sdk=iphoneos*]" = "iPhone Developer";
				COPY_PHASE_STRIP = NO;
				DEBUG_INFORMATION_FORMAT = dwarf;
				ENABLE_STRICT_OBJC_MSGSEND = YES;
				ENABLE_TESTABILITY = YES;
				GCC_C_LANGUAGE_STANDARD = gnu99;
				GCC_DYNAMIC_NO_PIC = NO;
				GCC_NO_COMMON_BLOCKS = YES;
				GCC_OPTIMIZATION_LEVEL = 0;
				GCC_PREPROCESSOR_DEFINITIONS = (
					"DEBUG=1",
					"$(inherited)",
				);
				GCC_WARN_64_TO_32_BIT_CONVERSION = YES;
				GCC_WARN_ABOUT_RETURN_TYPE = YES_ERROR;
				GCC_WARN_UNDECLARED_SELECTOR = YES;
				GCC_WARN_UNINITIALIZED_AUTOS = YES_AGGRESSIVE;
				GCC_WARN_UNUSED_FUNCTION = YES;
				GCC_WARN_UNUSED_VARIABLE = YES;
				IPHONEOS_DEPLOYMENT_TARGET = 9.1;
				MTL_ENABLE_DEBUG_INFO = YES;
				ONLY_ACTIVE_ARCH = YES;
				SDKROOT = iphoneos;
			};
			name = Debug;
		};
		E60623621BD525E100F724FC /* Release */ = {
			isa = XCBuildConfiguration;
			buildSettings = {
				ALWAYS_SEARCH_USER_PATHS = NO;
				CLANG_CXX_LANGUAGE_STANDARD = "gnu++0x";
				CLANG_CXX_LIBRARY = "libc++";
				CLANG_ENABLE_MODULES = YES;
				CLANG_ENABLE_OBJC_ARC = YES;
				CLANG_WARN_BOOL_CONVERSION = YES;
				CLANG_WARN_CONSTANT_CONVERSION = YES;
				CLANG_WARN_DIRECT_OBJC_ISA_USAGE = YES_ERROR;
				CLANG_WARN_EMPTY_BODY = YES;
				CLANG_WARN_ENUM_CONVERSION = YES;
				CLANG_WARN_INT_CONVERSION = YES;
				CLANG_WARN_OBJC_ROOT_CLASS = YES_ERROR;
				CLANG_WARN_UNREACHABLE_CODE = YES;
				CLANG_WARN__DUPLICATE_METHOD_MATCH = YES;
				"CODE_SIGN_IDENTITY[sdk=iphoneos*]" = "iPhone Developer";
				COPY_PHASE_STRIP = NO;
				DEBUG_INFORMATION_FORMAT = "dwarf-with-dsym";
				ENABLE_NS_ASSERTIONS = NO;
				ENABLE_STRICT_OBJC_MSGSEND = YES;
				GCC_C_LANGUAGE_STANDARD = gnu99;
				GCC_NO_COMMON_BLOCKS = YES;
				GCC_WARN_64_TO_32_BIT_CONVERSION = YES;
				GCC_WARN_ABOUT_RETURN_TYPE = YES_ERROR;
				GCC_WARN_UNDECLARED_SELECTOR = YES;
				GCC_WARN_UNINITIALIZED_AUTOS = YES_AGGRESSIVE;
				GCC_WARN_UNUSED_FUNCTION = YES;
				GCC_WARN_UNUSED_VARIABLE = YES;
				IPHONEOS_DEPLOYMENT_TARGET = 9.1;
				MTL_ENABLE_DEBUG_INFO = NO;
				SDKROOT = iphoneos;
				VALIDATE_PRODUCT = YES;
			};
			name = Release;
		};
		E60623641BD525E100F724FC /* Debug */ = {
			isa = XCBuildConfiguration;
			baseConfigurationReference = 150963A5D5E123EA93FC3DAE /* Pods-Camera.debug.xcconfig */;
			buildSettings = {
				ASSETCATALOG_COMPILER_APPICON_NAME = AppIcon;
				INFOPLIST_FILE = Camera/Info.plist;
				LD_RUNPATH_SEARCH_PATHS = "$(inherited) @executable_path/Frameworks";
				PRODUCT_BUNDLE_IDENTIFIER = com.macbellingrath.Camera;
				PRODUCT_NAME = "$(TARGET_NAME)";
			};
			name = Debug;
		};
		E60623651BD525E100F724FC /* Release */ = {
			isa = XCBuildConfiguration;
			baseConfigurationReference = 9879015A4057801471C91C32 /* Pods-Camera.release.xcconfig */;
			buildSettings = {
				ASSETCATALOG_COMPILER_APPICON_NAME = AppIcon;
				INFOPLIST_FILE = Camera/Info.plist;
				LD_RUNPATH_SEARCH_PATHS = "$(inherited) @executable_path/Frameworks";
				PRODUCT_BUNDLE_IDENTIFIER = com.macbellingrath.Camera;
				PRODUCT_NAME = "$(TARGET_NAME)";
			};
			name = Release;
		};
/* End XCBuildConfiguration section */

/* Begin XCConfigurationList section */
		E60623471BD525E100F724FC /* Build configuration list for PBXProject "Camera" */ = {
			isa = XCConfigurationList;
			buildConfigurations = (
				E60623611BD525E100F724FC /* Debug */,
				E60623621BD525E100F724FC /* Release */,
			);
			defaultConfigurationIsVisible = 0;
			defaultConfigurationName = Release;
		};
		E60623631BD525E100F724FC /* Build configuration list for PBXNativeTarget "Camera" */ = {
			isa = XCConfigurationList;
			buildConfigurations = (
				E60623641BD525E100F724FC /* Debug */,
				E60623651BD525E100F724FC /* Release */,
			);
			defaultConfigurationIsVisible = 0;
			defaultConfigurationName = Release;
		};
/* End XCConfigurationList section */
	};
	rootObject = E60623441BD525E100F724FC /* Project object */;
}
